
Microsoft Visual Studio Solution File, Format Version 12.00
# Visual Studio Version 17
VisualStudioVersion = 17.4.33213.308
MinimumVisualStudioVersion = 10.0.40219.1
Project("{9A19103F-16F7-4668-BE54-9A1E7A4F7556}") = "ShoddyWorks.WebMVC", "ShoddyWorksWeb\ShoddyWorks.WebMVC.csproj", "{BA3411BC-E754-4E7E-A7CF-0BC8C362D058}"
EndProject
Project("{9A19103F-16F7-4668-BE54-9A1E7A4F7556}") = "ShoddyWorks.WebApi", "ShoddyWorks.WebApi\ShoddyWorks.WebApi.csproj", "{1CE8B5F4-A428-43C9-B9CE-93384D55DA27}"
EndProject
Project("{FAE04EC0-301F-11D3-BF4B-00C04F79EFBC}") = "Repository", "Repository\Repository.csproj", "{54C8A34D-A102-4928-A64D-E30F95CB83CF}"
EndProject
Project("{FAE04EC0-301F-11D3-BF4B-00C04F79EFBC}") = "Entities", "Entities\Entities.csproj", "{3D7AA88D-5A16-4A34-A142-593D0FE584B2}"
EndProject
Global
	GlobalSection(SolutionConfigurationPlatforms) = preSolution
		Debug|Any CPU = Debug|Any CPU
		Release|Any CPU = Release|Any CPU
	EndGlobalSection
	GlobalSection(ProjectConfigurationPlatforms) = postSolution
		{BA3411BC-E754-4E7E-A7CF-0BC8C362D058}.Debug|Any CPU.ActiveCfg = Debug|Any CPU
		{BA3411BC-E754-4E7E-A7CF-0BC8C362D058}.Debug|Any CPU.Build.0 = Debug|Any CPU
		{BA3411BC-E754-4E7E-A7CF-0BC8C362D058}.Release|Any CPU.ActiveCfg = Release|Any CPU
		{BA3411BC-E754-4E7E-A7CF-0BC8C362D058}.Release|Any CPU.Build.0 = Release|Any CPU
		{1CE8B5F4-A428-43C9-B9CE-93384D55DA27}.Debug|Any CPU.ActiveCfg = Debug|Any CPU
		{1CE8B5F4-A428-43C9-B9CE-93384D55DA27}.Debug|Any CPU.Build.0 = Debug|Any CPU
		{1CE8B5F4-A428-43C9-B9CE-93384D55DA27}.Release|Any CPU.ActiveCfg = Release|Any CPU
		{1CE8B5F4-A428-43C9-B9CE-93384D55DA27}.Release|Any CPU.Build.0 = Release|Any CPU
		{54C8A34D-A102-4928-A64D-E30F95CB83CF}.Debug|Any CPU.ActiveCfg = Debug|Any CPU
		{54C8A34D-A102-4928-A64D-E30F95CB83CF}.Debug|Any CPU.Build.0 = Debug|Any CPU
		{54C8A34D-A102-4928-A64D-E30F95CB83CF}.Release|Any CPU.ActiveCfg = Release|Any CPU
		{54C8A34D-A102-4928-A64D-E30F95CB83CF}.Release|Any CPU.Build.0 = Release|Any CPU
		{3D7AA88D-5A16-4A34-A142-593D0FE584B2}.Debug|Any CPU.ActiveCfg = Debug|Any CPU
		{3D7AA88D-5A16-4A34-A142-593D0FE584B2}.Debug|Any CPU.Build.0 = Debug|Any CPU
		{3D7AA88D-5A16-4A34-A142-593D0FE584B2}.Release|Any CPU.ActiveCfg = Release|Any CPU
		{3D7AA88D-5A16-4A34-A142-593D0FE584B2}.Release|Any CPU.Build.0 = Release|Any CPU
	EndGlobalSection
	GlobalSection(SolutionProperties) = preSolution
		HideSolutionNode = FALSE
	EndGlobalSection
	GlobalSection(ExtensibilityGlobals) = postSolution
		SolutionGuid = {CF8070C0-B7F2-44C2-A337-4346CA4E2FA1}
	EndGlobalSection
EndGlobal
